<?xml version="1.0" encoding="utf-8"?>
<Project ToolsVersion="4.0" xmlns="http://schemas.microsoft.com/developer/msbuild/2003">
  <ItemGroup>
    <Filter Include="Resource Files">
      <UniqueIdentifier>{D9D6E242-F8AF-46E4-B9FD-80ECBC20BA3E}</UniqueIdentifier>
      <Extensions>qrc;*</Extensions>
      <ParseFiles>false</ParseFiles>
    </Filter>
    <Filter Include="Form Files">
      <UniqueIdentifier>{99349809-55BA-4b9d-BF79-8FDBB0286EB3}</UniqueIdentifier>
      <Extensions>ui</Extensions>
    </Filter>
    <Filter Include="Resource Files">
      <UniqueIdentifier>{D9D6E242-F8AF-46E4-B9FD-80ECBC20BA3E}</UniqueIdentifier>
      <Extensions>qrc;*</Extensions>
      <ParseFiles>false</ParseFiles>
    </Filter>
    <Filter Include="Generated Files">
      <UniqueIdentifier>{71ED8ED8-ACB9-4CE9-BBE1-E00B30144E11}</UniqueIdentifier>
      <Extensions>moc;h;cpp</Extensions>
      <SourceControlFiles>False</SourceControlFiles>
    </Filter>
    <Filter Include="Generated Files\Debug">
      <UniqueIdentifier>{d2dbeaa2-df6b-43a7-a6e6-f56f4e4a640e}</UniqueIdentifier>
      <Extensions>cpp;moc</Extensions>
      <SourceControlFiles>False</SourceControlFiles>
    </Filter>
    <Filter Include="Generated Files\Release">
      <UniqueIdentifier>{46c706ee-6a6c-4e81-8b66-06f7ef7de0ab}</UniqueIdentifier>
      <Extensions>cpp;moc</Extensions>
      <SourceControlFiles>False</SourceControlFiles>
    </Filter>
    <Filter Include="data">
      <UniqueIdentifier>{cebd0580-cfd2-4a9d-823b-909a30efd4a5}</UniqueIdentifier>
    </Filter>
    <Filter Include="Header Files">
      <UniqueIdentifier>{93995380-89BD-4b04-88EB-625FBE52EBFB}</UniqueIdentifier>
      <Extensions>h;hh;hpp;hxx;hm;inl;inc;xsd</Extensions>
      <ParseFiles>true</ParseFiles>
    </Filter>
    <Filter Include="Source Files">
      <UniqueIdentifier>{4FC737F1-C7A5-4376-A066-2A32D752A2FF}</UniqueIdentifier>
      <Extensions>cpp;c;cc;cxx;def;odl;idl;hpj;bat;asm;asmx</Extensions>
      <ParseFiles>true</ParseFiles>
    </Filter>
    <Filter Include="Version">
      <UniqueIdentifier>{435f4383-1220-4b91-8ff2-3365812595c9}</UniqueIdentifier>
    </Filter>
    <Filter Include="data\examples">
      <UniqueIdentifier>{4e0120a3-fd19-445f-88ee-aa007e1d6100}</UniqueIdentifier>
    </Filter>
    <Filter Include="Header Files\UI">
      <UniqueIdentifier>{5030fff1-0838-493c-a092-627ddb722746}</UniqueIdentifier>
    </Filter>
    <Filter Include="Header Files\Helpers">
      <UniqueIdentifier>{138ebbc9-963b-4215-a778-980e9068a574}</UniqueIdentifier>
    </Filter>
    <Filter Include="Source Files\UI">
      <UniqueIdentifier>{574a0005-a22a-4551-a5cb-114422163e8b}</UniqueIdentifier>
    </Filter>
    <Filter Include="Source Files\Helpers">
      <UniqueIdentifier>{12966d79-a2e5-4329-a3f2-b19bd843678b}</UniqueIdentifier>
    </Filter>
    <Filter Include="Header Files\Labels">
      <UniqueIdentifier>{1164406d-c07b-4423-b343-4d854d1f77fb}</UniqueIdentifier>
    </Filter>
    <Filter Include="Source Files\Labels">
      <UniqueIdentifier>{a556f4c7-f02b-41eb-8049-2661ab083d2a}</UniqueIdentifier>
    </Filter>
    <Filter Include="Header Files\FileModelCommands">
      <UniqueIdentifier>{d0e43d1c-45ef-4c8d-8cef-b952b16b636d}</UniqueIdentifier>
    </Filter>
    <Filter Include="Source Files\FileModelCommands">
      <UniqueIdentifier>{5a35f131-3774-4377-af17-cbed4b6694b3}</UniqueIdentifier>
    </Filter>
    <Filter Include="Header Files\Triangulation">
      <UniqueIdentifier>{6b7b2845-1d62-42f1-92bc-a21bb469510e}</UniqueIdentifier>
    </Filter>
    <Filter Include="Source Files\Triangulation">
      <UniqueIdentifier>{9cd8a6c5-2cf9-4309-a002-f83f210f5433}</UniqueIdentifier>
    </Filter>
  </ItemGroup>
  <ItemGroup>
    <ClCompile Include="GeneratedFiles\Debug\moc_MainWindow.cpp">
      <Filter>Generated Files\Debug</Filter>
    </ClCompile>
    <ClCompile Include="GeneratedFiles\Release\moc_MainWindow.cpp">
      <Filter>Generated Files\Release</Filter>
    </ClCompile>
    <ClCompile Include="GeneratedFiles\qrc_MainWindow.cpp">
      <Filter>Generated Files</Filter>
    </ClCompile>
    <ClCompile Include="GeneratedFiles\Debug\moc_DesktopWidget.cpp">
      <Filter>Generated Files\Debug</Filter>
    </ClCompile>
    <ClCompile Include="GeneratedFiles\Release\moc_DesktopWidget.cpp">
      <Filter>Generated Files\Release</Filter>
    </ClCompile>
    <ClCompile Include="GeneratedFiles\Debug\moc_ApplicationModel.cpp">
      <Filter>Generated Files\Debug</Filter>
    </ClCompile>
    <ClCompile Include="GeneratedFiles\Release\moc_ApplicationModel.cpp">
      <Filter>Generated Files\Release</Filter>
    </ClCompile>
    <ClCompile Include="GeneratedFiles\Debug\moc_SourcePicturesTreeModel.cpp">
      <Filter>Generated Files\Debug</Filter>
    </ClCompile>
    <ClCompile Include="GeneratedFiles\Release\moc_SourcePicturesTreeModel.cpp">
      <Filter>Generated Files\Release</Filter>
    </ClCompile>
    <ClCompile Include="GeneratedFiles\Debug\moc_SourcePicturesWidget.cpp">
      <Filter>Generated Files\Debug</Filter>
    </ClCompile>
    <ClCompile Include="GeneratedFiles\Release\moc_SourcePicturesWidget.cpp">
      <Filter>Generated Files\Release</Filter>
    </ClCompile>
    <ClCompile Include="GeneratedFiles\Debug\moc_LabelDefinitionsTreeModel.cpp">
      <Filter>Generated Files\Debug</Filter>
    </ClCompile>
    <ClCompile Include="GeneratedFiles\Release\moc_LabelDefinitionsTreeModel.cpp">
      <Filter>Generated Files\Release</Filter>
    </ClCompile>
    <ClCompile Include="GeneratedFiles\Debug\moc_LabelDefinitionPropertiesWidget.cpp">
      <Filter>Generated Files\Debug</Filter>
    </ClCompile>
    <ClCompile Include="GeneratedFiles\Release\moc_LabelDefinitionPropertiesWidget.cpp">
      <Filter>Generated Files\Release</Filter>
    </ClCompile>
    <ClCompile Include="ApplicationModel.cpp">
      <Filter>Source Files</Filter>
    </ClCompile>
    <ClCompile Include="LabelDefinition.cpp">
      <Filter>Source Files</Filter>
    </ClCompile>
    <ClCompile Include="LabelDefinitionsTreeModel.cpp">
      <Filter>Source Files</Filter>
    </ClCompile>
    <ClCompile Include="LabelHandle.cpp">
      <Filter>Source Files</Filter>
    </ClCompile>
    <ClCompile Include="main.cpp">
      <Filter>Source Files</Filter>
    </ClCompile>
    <ClCompile Include="SourcePicturesTreeModel.cpp">
      <Filter>Source Files</Filter>
    </ClCompile>
    <ClCompile Include="stdafx.cpp">
      <Filter>Source Files</Filter>
    </ClCompile>
    <ClCompile Include="version.cpp">
      <Filter>Version</Filter>
    </ClCompile>
    <ClCompile Include="GeneratedFiles\Debug\moc_AboutDialog.cpp">
      <Filter>Generated Files\Debug</Filter>
    </ClCompile>
    <ClCompile Include="GeneratedFiles\Release\moc_AboutDialog.cpp">
      <Filter>Generated Files\Release</Filter>
    </ClCompile>
    <ClCompile Include="GeneratedFiles\Debug\moc_ColorDisplayWidget.cpp">
      <Filter>Generated Files\Debug</Filter>
    </ClCompile>
    <ClCompile Include="GeneratedFiles\Release\moc_ColorDisplayWidget.cpp">
      <Filter>Generated Files\Release</Filter>
    </ClCompile>
    <ClCompile Include="GeneratedFiles\Debug\moc_ProjectSettingsWidget.cpp">
      <Filter>Generated Files\Debug</Filter>
    </ClCompile>
    <ClCompile Include="GeneratedFiles\Release\moc_ProjectSettingsWidget.cpp">
      <Filter>Generated Files\Release</Filter>
    </ClCompile>
    <ClCompile Include="GeneratedFiles\Debug\moc_Desktop3dWindow.cpp">
      <Filter>Generated Files\Debug</Filter>
    </ClCompile>
    <ClCompile Include="GeneratedFiles\Release\moc_Desktop3dWindow.cpp">
      <Filter>Generated Files\Release</Filter>
    </ClCompile>
    <ClCompile Include="GeneratedFiles\Debug\moc_ImageModel.cpp">
      <Filter>Generated Files\Debug</Filter>
    </ClCompile>
    <ClCompile Include="GeneratedFiles\Release\moc_ImageModel.cpp">
      <Filter>Generated Files\Release</Filter>
    </ClCompile>
    <ClCompile Include="ImageModel.cpp">
      <Filter>Source Files</Filter>
    </ClCompile>
    <ClCompile Include="win_helpers.cpp">
      <Filter>Source Files\Helpers</Filter>
    </ClCompile>
    <ClCompile Include="AboutDialog.cpp">
      <Filter>Source Files\UI</Filter>
    </ClCompile>
    <ClCompile Include="ColorDisplayWidget.cpp">
      <Filter>Source Files\UI</Filter>
    </ClCompile>
    <ClCompile Include="Desktop3dWindow.cpp">
      <Filter>Source Files\UI</Filter>
    </ClCompile>
    <ClCompile Include="DesktopWidget.cpp">
      <Filter>Source Files\UI</Filter>
    </ClCompile>
    <ClCompile Include="LabelDefinitionPropertiesWidget.cpp">
      <Filter>Source Files\UI</Filter>
    </ClCompile>
    <ClCompile Include="MainWindow.cpp">
      <Filter>Source Files\UI</Filter>
    </ClCompile>
    <ClCompile Include="ProjectSettingsWidget.cpp">
      <Filter>Source Files\UI</Filter>
    </ClCompile>
    <ClCompile Include="SourcePicturesWidget.cpp">
      <Filter>Source Files\UI</Filter>
    </ClCompile>
    <ClCompile Include="GeneratedFiles\Debug\moc_ImageLoader.cpp">
      <Filter>Generated Files\Debug</Filter>
    </ClCompile>
    <ClCompile Include="GeneratedFiles\Release\moc_ImageLoader.cpp">
      <Filter>Generated Files\Release</Filter>
    </ClCompile>
    <ClCompile Include="GeneratedFiles\Debug\moc_FileModel.cpp">
      <Filter>Generated Files\Debug</Filter>
    </ClCompile>
    <ClCompile Include="GeneratedFiles\Release\moc_FileModel.cpp">
      <Filter>Generated Files\Release</Filter>
    </ClCompile>
    <ClCompile Include="FileModel.cpp">
      <Filter>Source Files</Filter>
    </ClCompile>
    <ClCompile Include="qjson_helpers.cpp">
      <Filter>Source Files\Helpers</Filter>
    </ClCompile>
    <ClCompile Include="LocalFilesystem.cpp">
      <Filter>Source Files</Filter>
    </ClCompile>
    <ClCompile Include="RestDatasetFilesystem.cpp">
      <Filter>Source Files</Filter>
    </ClCompile>
    <ClCompile Include="GeneratedFiles\Debug\moc_ProjectDefinitionsDialog.cpp">
      <Filter>Generated Files\Debug</Filter>
    </ClCompile>
    <ClCompile Include="GeneratedFiles\Release\moc_ProjectDefinitionsDialog.cpp">
      <Filter>Generated Files\Release</Filter>
    </ClCompile>
    <ClCompile Include="GeneratedFiles\Debug\moc_Highlighter.cpp">
      <Filter>Generated Files\Debug</Filter>
    </ClCompile>
    <ClCompile Include="GeneratedFiles\Release\moc_Highlighter.cpp">
      <Filter>Generated Files\Release</Filter>
    </ClCompile>
    <ClCompile Include="Highlighter.cpp">
      <Filter>Source Files\UI</Filter>
    </ClCompile>
    <ClCompile Include="ProjectDefinitionsDialog.cpp">
      <Filter>Source Files\UI</Filter>
    </ClCompile>
    <ClCompile Include="GeneratedFiles\Debug\moc_ErrorsListDialog.cpp">
      <Filter>Generated Files\Debug</Filter>
    </ClCompile>
    <ClCompile Include="GeneratedFiles\Release\moc_ErrorsListDialog.cpp">
      <Filter>Generated Files\Release</Filter>
    </ClCompile>
    <ClCompile Include="CircleLabel.cpp">
      <Filter>Source Files\Labels</Filter>
    </ClCompile>
    <ClCompile Include="OrientedPointLabel.cpp">
      <Filter>Source Files\Labels</Filter>
    </ClCompile>
    <ClCompile Include="OrientedRectLabel.cpp">
      <Filter>Source Files\Labels</Filter>
    </ClCompile>
    <ClCompile Include="PointLabel.cpp">
      <Filter>Source Files\Labels</Filter>
    </ClCompile>
    <ClCompile Include="PolygonLabel.cpp">
      <Filter>Source Files\Labels</Filter>
    </ClCompile>
    <ClCompile Include="PolylineLabel.cpp">
      <Filter>Source Files\Labels</Filter>
    </ClCompile>
    <ClCompile Include="RectLabel.cpp">
      <Filter>Source Files\Labels</Filter>
    </ClCompile>
    <ClCompile Include="Label.cpp">
      <Filter>Source Files\Labels</Filter>
    </ClCompile>
    <ClCompile Include="PropertyDatabase.cpp">
      <Filter>Source Files</Filter>
    </ClCompile>
    <ClCompile Include="GeneratedFiles\Debug\moc_CustomPropertyTableItemDelegate.cpp">
      <Filter>Generated Files\Debug</Filter>
    </ClCompile>
    <ClCompile Include="GeneratedFiles\Release\moc_CustomPropertyTableItemDelegate.cpp">
      <Filter>Generated Files\Release</Filter>
    </ClCompile>
    <ClCompile Include="GeneratedFiles\Debug\moc_CustomPropertyTableModel.cpp">
      <Filter>Generated Files\Debug</Filter>
    </ClCompile>
    <ClCompile Include="GeneratedFiles\Release\moc_CustomPropertyTableModel.cpp">
      <Filter>Generated Files\Release</Filter>
    </ClCompile>
    <ClCompile Include="CustomPropertyTableItemDelegate.cpp">
      <Filter>Source Files</Filter>
    </ClCompile>
    <ClCompile Include="CustomPropertyTableModel.cpp">
      <Filter>Source Files</Filter>
    </ClCompile>
    <ClCompile Include="PointCloudDisplayWidget.cpp">
      <Filter>Source Files\UI</Filter>
    </ClCompile>
    <ClCompile Include="GeneratedFiles\Debug\moc_PointCloudDisplayWidget.cpp">
      <Filter>Generated Files\Debug</Filter>
    </ClCompile>
    <ClCompile Include="GeneratedFiles\Release\moc_PointCloudDisplayWidget.cpp">
      <Filter>Generated Files\Release</Filter>
    </ClCompile>
    <ClCompile Include="rest.cpp">
      <Filter>Source Files</Filter>
    </ClCompile>
    <ClCompile Include="ErrorsListDialog.cpp">
      <Filter>Source Files\UI</Filter>
    </ClCompile>
    <ClCompile Include="messagebox.cpp">
      <Filter>Source Files\Helpers</Filter>
    </ClCompile>
    <ClCompile Include="settings.cpp">
      <Filter>Source Files\Helpers</Filter>
    </ClCompile>
    <ClCompile Include="RecentActionsList.cpp">
      <Filter>Source Files</Filter>
    </ClCompile>
    <ClCompile Include="GeneratedFiles\Debug\moc_RecentActionsList.cpp">
      <Filter>Generated Files\Debug</Filter>
    </ClCompile>
    <ClCompile Include="GeneratedFiles\Release\moc_RecentActionsList.cpp">
      <Filter>Generated Files\Release</Filter>
    </ClCompile>
    <ClCompile Include="ImageLoader.cpp">
      <Filter>Source Files</Filter>
    </ClCompile>
    <ClCompile Include="LabelPropertiesWidget.cpp">
      <Filter>Source Files\UI</Filter>
    </ClCompile>
    <ClCompile Include="GeneratedFiles\Debug\moc_LabelPropertiesWidget.cpp">
      <Filter>Generated Files\Debug</Filter>
    </ClCompile>
    <ClCompile Include="GeneratedFiles\Release\moc_LabelPropertiesWidget.cpp">
      <Filter>Generated Files\Release</Filter>
    </ClCompile>
    <ClCompile Include="ToolboxWidget.cpp">
      <Filter>Source Files\UI</Filter>
    </ClCompile>
    <ClCompile Include="GeneratedFiles\Debug\moc_ToolboxWidget.cpp">
      <Filter>Generated Files\Debug</Filter>
    </ClCompile>
    <ClCompile Include="GeneratedFiles\Release\moc_ToolboxWidget.cpp">
      <Filter>Generated Files\Release</Filter>
    </ClCompile>
    <ClCompile Include="GeneratedFiles\Debug\moc_ImageSettingsWidget.cpp">
      <Filter>Generated Files\Debug</Filter>
    </ClCompile>
    <ClCompile Include="GeneratedFiles\Release\moc_ImageSettingsWidget.cpp">
      <Filter>Generated Files\Release</Filter>
    </ClCompile>
    <ClCompile Include="ImageSettingsWidget.cpp">
      <Filter>Source Files\UI</Filter>
    </ClCompile>
    <ClCompile Include="GeneratedFiles\Debug\moc_LabelDefinition.cpp">
      <Filter>Generated Files\Debug</Filter>
    </ClCompile>
    <ClCompile Include="GeneratedFiles\Release\moc_LabelDefinition.cpp">
      <Filter>Generated Files\Release</Filter>
    </ClCompile>
    <ClCompile Include="CreateLabelFileModelCommand.cpp">
      <Filter>Source Files\FileModelCommands</Filter>
    </ClCompile>
    <ClCompile Include="DeleteAllLabelsFileModelCommand.cpp">
      <Filter>Source Files\FileModelCommands</Filter>
    </ClCompile>
    <ClCompile Include="DeleteLabelFileModelCommand.cpp">
      <Filter>Source Files\FileModelCommands</Filter>
    </ClCompile>
    <ClCompile Include="ModifyLabelCategoryFileModelCommand.cpp">
      <Filter>Source Files\FileModelCommands</Filter>
    </ClCompile>
    <ClCompile Include="ModifyLabelGeometryFileModelCommand.cpp">
      <Filter>Source Files\FileModelCommands</Filter>
    </ClCompile>
    <ClCompile Include="ModifyLabelTextFileModelCommand.cpp">
      <Filter>Source Files\FileModelCommands</Filter>
    </ClCompile>
    <ClCompile Include="RestImageConverter.cpp">
      <Filter>Source Files</Filter>
    </ClCompile>
    <ClCompile Include="triangulation\construct.c">
      <Filter>Source Files\Triangulation</Filter>
    </ClCompile>
    <ClCompile Include="triangulation\misc.c">
      <Filter>Source Files\Triangulation</Filter>
    </ClCompile>
    <ClCompile Include="triangulation\monotone.c">
      <Filter>Source Files\Triangulation</Filter>
    </ClCompile>
    <ClCompile Include="triangulation\tri.c">
      <Filter>Source Files\Triangulation</Filter>
    </ClCompile>
    <ClCompile Include="triangulation\xtime.c">
      <Filter>Source Files\Triangulation</Filter>
    </ClCompile>
    <ClCompile Include="GeneratedFiles\Debug\moc_ScriptPainter.cpp">
      <Filter>Generated Files\Debug</Filter>
    </ClCompile>
    <ClCompile Include="GeneratedFiles\Release\moc_ScriptPainter.cpp">
      <Filter>Generated Files\Release</Filter>
    </ClCompile>
    <ClCompile Include="ScriptPainter.cpp">
      <Filter>Source Files</Filter>
    </ClCompile>
    <ClCompile Include="GeneratedFiles\Debug\moc_ElidedLabelWidget.cpp">
      <Filter>Generated Files\Debug</Filter>
    </ClCompile>
    <ClCompile Include="GeneratedFiles\Release\moc_ElidedLabelWidget.cpp">
      <Filter>Generated Files\Release</Filter>
    </ClCompile>
    <ClCompile Include="ElidedLabelWidget.cpp">
      <Filter>Source Files\UI</Filter>
    </ClCompile>
    <ClCompile Include="GeneratedFiles\Debug\moc_ToolboxProxyModel.cpp">
      <Filter>Generated Files\Debug</Filter>
    </ClCompile>
    <ClCompile Include="GeneratedFiles\Release\moc_ToolboxProxyModel.cpp">
      <Filter>Generated Files\Release</Filter>
    </ClCompile>
    <ClCompile Include="ToolboxProxyModel.cpp">
      <Filter>Source Files</Filter>
    </ClCompile>
    <ClCompile Include="FileTreeElement.cpp">
      <Filter>Source Files</Filter>
    </ClCompile>
  </ItemGroup>
  <ItemGroup>
    <ClInclude Include="GeneratedFiles\ui_MainWindow.h">
      <Filter>Generated Files</Filter>
    </ClInclude>
    <ClInclude Include="GeneratedFiles\ui_SourcePicturesWidget.h">
      <Filter>Generated Files</Filter>
    </ClInclude>
    <ClInclude Include="GeneratedFiles\ui_LabelDefinitionPropertiesWidget.h">
      <Filter>Generated Files</Filter>
    </ClInclude>
    <ClInclude Include="LabelHandle.h">
      <Filter>Header Files</Filter>
    </ClInclude>
    <ClInclude Include="LabelType.h">
      <Filter>Header Files</Filter>
    </ClInclude>
    <ClInclude Include="stdafx.h">
      <Filter>Header Files</Filter>
    </ClInclude>
    <ClInclude Include="version.h">
      <Filter>Version</Filter>
    </ClInclude>
    <ClInclude Include="GeneratedFiles\ui_AboutDialog.h">
      <Filter>Generated Files</Filter>
    </ClInclude>
    <ClInclude Include="GeneratedFiles\ui_ProjectSettingsWidget.h">
      <Filter>Generated Files</Filter>
    </ClInclude>
    <ClInclude Include="WorldInfo.h">
      <Filter>Header Files</Filter>
    </ClInclude>
    <ClInclude Include="PaintInfo.h">
      <Filter>Header Files</Filter>
    </ClInclude>
    <ClInclude Include="geometry.h">
      <Filter>Header Files</Filter>
    </ClInclude>
    <ClInclude Include="GeneratedFiles\ui_Desktop3dWindow.h">
      <Filter>Generated Files</Filter>
    </ClInclude>
    <ClInclude Include="LabelFactory.h">
      <Filter>Header Files</Filter>
    </ClInclude>
    <ClInclude Include="win_helpers.h">
      <Filter>Header Files\Helpers</Filter>
    </ClInclude>
    <ClInclude Include="qjson_helpers.h">
      <Filter>Header Files\Helpers</Filter>
    </ClInclude>
    <ClInclude Include="FilesystemInterface.h">
      <Filter>Header Files</Filter>
    </ClInclude>
    <ClInclude Include="LocalFilesystem.h">
      <Filter>Header Files</Filter>
    </ClInclude>
    <ClInclude Include="RestDatasetFilesystem.h">
      <Filter>Header Files</Filter>
    </ClInclude>
    <ClInclude Include="GeneratedFiles\ui_ProjectDefinitionsDialog.h">
      <Filter>Generated Files</Filter>
    </ClInclude>
    <ClInclude Include="GeneratedFiles\ui_ErrorsListDialog.h">
      <Filter>Generated Files</Filter>
    </ClInclude>
    <ClInclude Include="CircleLabel.h">
      <Filter>Header Files\Labels</Filter>
    </ClInclude>
    <ClInclude Include="Label.h">
      <Filter>Header Files\Labels</Filter>
    </ClInclude>
    <ClInclude Include="OrientedPointLabel.h">
      <Filter>Header Files\Labels</Filter>
    </ClInclude>
    <ClInclude Include="OrientedRectLabel.h">
      <Filter>Header Files\Labels</Filter>
    </ClInclude>
    <ClInclude Include="PointLabel.h">
      <Filter>Header Files\Labels</Filter>
    </ClInclude>
    <ClInclude Include="PolygonLabel.h">
      <Filter>Header Files\Labels</Filter>
    </ClInclude>
    <ClInclude Include="PolylineLabel.h">
      <Filter>Header Files\Labels</Filter>
    </ClInclude>
    <ClInclude Include="ProxyLabel.h">
      <Filter>Header Files\Labels</Filter>
    </ClInclude>
    <ClInclude Include="RectLabel.h">
      <Filter>Header Files\Labels</Filter>
    </ClInclude>
    <ClInclude Include="PropertyDatabase.h">
      <Filter>Header Files</Filter>
    </ClInclude>
    <ClInclude Include="CustomProperty.h">
      <Filter>Header Files</Filter>
    </ClInclude>
    <ClInclude Include="ArcBall.h">
      <Filter>Header Files\UI</Filter>
    </ClInclude>
    <ClInclude Include="PointCloudDisplayShaders.h">
      <Filter>Header Files\UI</Filter>
    </ClInclude>
    <ClInclude Include="ColoredVertexData.h">
      <Filter>Header Files</Filter>
    </ClInclude>
    <ClInclude Include="rest.h">
      <Filter>Header Files</Filter>
    </ClInclude>
    <ClInclude Include="implement_q_property.h">
      <Filter>Header Files\Helpers</Filter>
    </ClInclude>
    <ClInclude Include="messagebox.h">
      <Filter>Header Files\Helpers</Filter>
    </ClInclude>
    <ClInclude Include="settings.h">
      <Filter>Header Files\Helpers</Filter>
    </ClInclude>
    <ClInclude Include="GeneratedFiles\ui_LabelPropertiesWidget.h">
      <Filter>Generated Files</Filter>
    </ClInclude>
    <ClInclude Include="GeneratedFiles\ui_ToolboxWidget.h">
      <Filter>Generated Files</Filter>
    </ClInclude>
    <ClInclude Include="GeneratedFiles\ui_ImageSettingsWidget.h">
      <Filter>Generated Files</Filter>
    </ClInclude>
    <ClInclude Include="FileTreeItemInfo.h">
      <Filter>Header Files</Filter>
    </ClInclude>
    <ClInclude Include="CreateLabelFileModelCommand.h">
      <Filter>Header Files\FileModelCommands</Filter>
    </ClInclude>
    <ClInclude Include="DeleteAllLabelsFileModelCommand.h">
      <Filter>Header Files\FileModelCommands</Filter>
    </ClInclude>
    <ClInclude Include="DeleteLabelFileModelCommand.h">
      <Filter>Header Files\FileModelCommands</Filter>
    </ClInclude>
    <ClInclude Include="ModifyLabelCategoryFileModelCommand.h">
      <Filter>Header Files\FileModelCommands</Filter>
    </ClInclude>
    <ClInclude Include="ModifyLabelGeometryFileModelCommand.h">
      <Filter>Header Files\FileModelCommands</Filter>
    </ClInclude>
    <ClInclude Include="ModifyLabelTextFileModelCommand.h">
      <Filter>Header Files\FileModelCommands</Filter>
    </ClInclude>
    <ClInclude Include="SharedPropertyDefinition.h">
      <Filter>Header Files</Filter>
    </ClInclude>
    <ClInclude Include="ImageConverter.h">
      <Filter>Header Files</Filter>
    </ClInclude>
    <ClInclude Include="RestImageConverter.h">
      <Filter>Header Files</Filter>
    </ClInclude>
    <ClInclude Include="ImageData.h">
      <Filter>Header Files</Filter>
    </ClInclude>
    <ClInclude Include="triangulation\interface.h">
      <Filter>Header Files\Triangulation</Filter>
    </ClInclude>
    <ClInclude Include="triangulation\triangulate.h">
      <Filter>Header Files\Triangulation</Filter>
    </ClInclude>
    <ClInclude Include="triangulation\xtime.h">
      <Filter>Header Files\Triangulation</Filter>
    </ClInclude>
    <ClInclude Include="ColorTransformer.h">
      <Filter>Header Files</Filter>
    </ClInclude>
    <ClInclude Include="product_info.h">
      <Filter>Version</Filter>
    </ClInclude>
    <ClInclude Include="FileTreeElement.h">
      <Filter>Header Files</Filter>
    </ClInclude>
  </ItemGroup>
  <ItemGroup>
    <CustomBuild Include="MainWindow.ui">
      <Filter>Form Files</Filter>
    </CustomBuild>
    <CustomBuild Include="MainWindow.qrc">
      <Filter>Resource Files</Filter>
    </CustomBuild>
    <CustomBuild Include="SourcePicturesWidget.ui">
      <Filter>Form Files</Filter>
    </CustomBuild>
    <CustomBuild Include="LabelDefinitionPropertiesWidget.ui">
      <Filter>Form Files</Filter>
    </CustomBuild>
    <CustomBuild Include="ApplicationModel.h">
      <Filter>Header Files</Filter>
    </CustomBuild>
    <CustomBuild Include="LabelDefinitionsTreeModel.h">
      <Filter>Header Files</Filter>
    </CustomBuild>
    <CustomBuild Include="SourcePicturesTreeModel.h">
      <Filter>Header Files</Filter>
    </CustomBuild>
    <CustomBuild Include="AboutDialog.ui">
      <Filter>Form Files</Filter>
    </CustomBuild>
    <CustomBuild Include="ProjectSettingsWidget.ui">
      <Filter>Form Files</Filter>
    </CustomBuild>
    <CustomBuild Include="Desktop3dWindow.ui">
      <Filter>Form Files</Filter>
    </CustomBuild>
    <CustomBuild Include="ImageModel.h">
      <Filter>Header Files</Filter>
    </CustomBuild>
    <CustomBuild Include="AboutDialog.h">
      <Filter>Header Files\UI</Filter>
    </CustomBuild>
    <CustomBuild Include="ColorDisplayWidget.h">
      <Filter>Header Files\UI</Filter>
    </CustomBuild>
    <CustomBuild Include="Desktop3dWindow.h">
      <Filter>Header Files\UI</Filter>
    </CustomBuild>
    <CustomBuild Include="DesktopWidget.h">
      <Filter>Header Files\UI</Filter>
    </CustomBuild>
    <CustomBuild Include="MainWindow.h">
      <Filter>Header Files\UI</Filter>
    </CustomBuild>
    <CustomBuild Include="ProjectSettingsWidget.h">
      <Filter>Header Files\UI</Filter>
    </CustomBuild>
    <CustomBuild Include="SourcePicturesWidget.h">
      <Filter>Header Files\UI</Filter>
    </CustomBuild>
    <CustomBuild Include="ImageLoader.h">
      <Filter>Header Files</Filter>
    </CustomBuild>
    <CustomBuild Include="FileModel.h">
      <Filter>Header Files</Filter>
    </CustomBuild>
    <CustomBuild Include="ProjectDefinitionsDialog.ui">
      <Filter>Form Files</Filter>
    </CustomBuild>
    <CustomBuild Include="Highlighter.h">
      <Filter>Header Files\UI</Filter>
    </CustomBuild>
    <CustomBuild Include="ProjectDefinitionsDialog.h">
      <Filter>Header Files\UI</Filter>
    </CustomBuild>
    <CustomBuild Include="ErrorsListDialog.ui">
      <Filter>Form Files</Filter>
    </CustomBuild>
    <CustomBuild Include="CustomPropertyTableItemDelegate.h">
      <Filter>Header Files</Filter>
    </CustomBuild>
    <CustomBuild Include="CustomPropertyTableModel.h">
      <Filter>Header Files</Filter>
    </CustomBuild>
    <CustomBuild Include="PointCloudDisplayWidget.h">
      <Filter>Header Files\UI</Filter>
    </CustomBuild>
    <CustomBuild Include="ErrorsListDialog.h">
      <Filter>Header Files\UI</Filter>
    </CustomBuild>
    <CustomBuild Include="RecentActionsList.h">
      <Filter>Header Files</Filter>
    </CustomBuild>
    <CustomBuild Include="LabelPropertiesWidget.ui">
      <Filter>Form Files</Filter>
    </CustomBuild>
    <CustomBuild Include="ToolboxWidget.h">
      <Filter>Header Files\UI</Filter>
    </CustomBuild>
    <CustomBuild Include="ToolboxWidget.ui">
      <Filter>Form Files</Filter>
    </CustomBuild>
    <CustomBuild Include="ImageSettingsWidget.ui">
      <Filter>Form Files</Filter>
    </CustomBuild>
    <CustomBuild Include="ImageSettingsWidget.h">
      <Filter>Header Files\UI</Filter>
    </CustomBuild>
    <CustomBuild Include="LabelDefinitionPropertiesWidget.h">
      <Filter>Header Files\UI</Filter>
    </CustomBuild>
    <CustomBuild Include="LabelPropertiesWidget.h">
      <Filter>Header Files\UI</Filter>
    </CustomBuild>
    <CustomBuild Include="LabelDefinition.h">
      <Filter>Header Files</Filter>
    </CustomBuild>
    <CustomBuild Include="ScriptPainter.h">
      <Filter>Header Files</Filter>
    </CustomBuild>
    <CustomBuild Include="ElidedLabelWidget.h">
      <Filter>Header Files\UI</Filter>
    </CustomBuild>
    <CustomBuild Include="ToolboxProxyModel.h">
      <Filter>Header Files</Filter>
    </CustomBuild>
  </ItemGroup>
  <ItemGroup>
    <ResourceCompile Include="anno.rc">
      <Filter>Resource Files</Filter>
    </ResourceCompile>
  </ItemGroup>
  <ItemGroup>
    <Text Include="svn.template.txt">
      <Filter>Version</Filter>
    </Text>
  </ItemGroup>
  <ItemGroup>
    <None Include="data\examples\labels.anno">
      <Filter>data\examples</Filter>
    </None>
    <None Include="data\examples\scripting.anno">
      <Filter>data\examples</Filter>
    </None>
    <None Include="data\examples\rest.anno">
      <Filter>data\examples</Filter>
    </None>
    <None Include="data\examples\multi_shared.anno">
      <Filter>data\examples</Filter>
    </None>
    <None Include="data\examples\shared_properties.anno">
      <Filter>data\examples</Filter>
    </None>
    <None Include="data\examples\shared_markers.anno">
      <Filter>data\examples</Filter>
    </None>
    <None Include="data\examples\custom_properties.anno">
      <Filter>data\examples</Filter>
    </None>
  </ItemGroup>
</Project>